
Microsoft Visual Studio Solution File, Format Version 12.00
# Visual Studio 15
VisualStudioVersion = 15.0.27428.2002
MinimumVisualStudioVersion = 10.0.40219.1
Project("{2150E333-8FDC-42A3-9474-1A3956D46DE8}") = "Images", "Images", "{AD3128C1-2C0E-4A9D-AD99-4043EEFD7300}"
	ProjectSection(SolutionItems) = preProject
		ChangeImage.html = ChangeImage.html
		Featching.html = Featching.html
		Pic.png = Pic.png
		pic2.png = pic2.png
	EndProjectSection
EndProject
Project("{2150E333-8FDC-42A3-9474-1A3956D46DE8}") = "SVG", "SVG", "{7B93D93F-69DD-43C2-BCEF-C96B2651816F}"
	ProjectSection(SolutionItems) = preProject
		Shapes.html = Shapes.html
	EndProjectSection
EndProject
Project("{2150E333-8FDC-42A3-9474-1A3956D46DE8}") = "Canvas", "Canvas", "{ADBDB447-82F8-4929-BC61-E4E35896EAE3}"
	ProjectSection(SolutionItems) = preProject
		CanvaseLine.html = CanvaseLine.html
		IsSupported.html = IsSupported.html
	EndProjectSection
EndProject
Global
	GlobalSection(SolutionProperties) = preSolution
		HideSolutionNode = FALSE
	EndGlobalSection
	GlobalSection(ExtensibilityGlobals) = postSolution
		SolutionGuid = {AB7F88DD-0D1E-4AE6-88C7-6BC02FF1BE4A}
	EndGlobalSection
EndGlobal
