
Microsoft Visual Studio Solution File, Format Version 12.00
# Visual Studio 15
VisualStudioVersion = 15.0.27004.2005
MinimumVisualStudioVersion = 10.0.40219.1
Project("{2150E333-8FDC-42A3-9474-1A3956D46DE8}") = "Timers", "Timers", "{F06382B8-0DFF-4423-8B43-CD629EF62D1D}"
	ProjectSection(SolutionItems) = preProject
		cancelTimeer.html = cancelTimeer.html
		setInterval.html = setInterval.html
		setTimeout.html = setTimeout.html
		StartStopTimers.html = StartStopTimers.html
	EndProjectSection
EndProject
Project("{2150E333-8FDC-42A3-9474-1A3956D46DE8}") = "Window", "Window", "{D737B552-5808-425A-8BEA-37B4C117258E}"
	ProjectSection(SolutionItems) = preProject
		NewWindow.html = NewWindow.html
		WindowGeometry.html = WindowGeometry.html
	EndProjectSection
EndProject
Project("{2150E333-8FDC-42A3-9474-1A3956D46DE8}") = "Regex", "Regex", "{11555AEB-3931-466C-9C02-A1E3BE05C5B5}"
	ProjectSection(SolutionItems) = preProject
		exec.html = exec.html
	EndProjectSection
EndProject
Global
	GlobalSection(SolutionProperties) = preSolution
		HideSolutionNode = FALSE
	EndGlobalSection
	GlobalSection(ExtensibilityGlobals) = postSolution
		SolutionGuid = {C4252D69-C4A2-4BDB-8988-B7B32DF0759E}
	EndGlobalSection
EndGlobal
