
Microsoft Visual Studio Solution File, Format Version 12.00
# Visual Studio 15
VisualStudioVersion = 15.0.27428.2002
MinimumVisualStudioVersion = 10.0.40219.1
Project("{E24C65DC-7377-472B-9ABA-BC803B73C61A}") = "AjaxAndHTTP", "AjaxAndHTTP\", "{9C7A12F4-3021-4C63-9B32-5093295F97B7}"
	ProjectSection(WebsiteProperties) = preProject
		TargetFrameworkMoniker = ".NETFramework,Version%3Dv4.6.1"
		Debug.AspNetCompiler.VirtualPath = "/localhost_51466"
		Debug.AspNetCompiler.PhysicalPath = "AjaxAndHTTP\"
		Debug.AspNetCompiler.TargetPath = "PrecompiledWeb\localhost_51466\"
		Debug.AspNetCompiler.Updateable = "true"
		Debug.AspNetCompiler.ForceOverwrite = "true"
		Debug.AspNetCompiler.FixedNames = "false"
		Debug.AspNetCompiler.Debug = "True"
		Release.AspNetCompiler.VirtualPath = "/localhost_51466"
		Release.AspNetCompiler.PhysicalPath = "AjaxAndHTTP\"
		Release.AspNetCompiler.TargetPath = "PrecompiledWeb\localhost_51466\"
		Release.AspNetCompiler.Updateable = "true"
		Release.AspNetCompiler.ForceOverwrite = "true"
		Release.AspNetCompiler.FixedNames = "false"
		Release.AspNetCompiler.Debug = "False"
		VWDPort = "51466"
		SlnRelativePath = "AjaxAndHTTP\"
		DefaultWebSiteLanguage = "Visual C#"
	EndProjectSection
EndProject
Global
	GlobalSection(SolutionConfigurationPlatforms) = preSolution
		Debug|Any CPU = Debug|Any CPU
	EndGlobalSection
	GlobalSection(ProjectConfigurationPlatforms) = postSolution
		{9C7A12F4-3021-4C63-9B32-5093295F97B7}.Debug|Any CPU.ActiveCfg = Debug|Any CPU
		{9C7A12F4-3021-4C63-9B32-5093295F97B7}.Debug|Any CPU.Build.0 = Debug|Any CPU
	EndGlobalSection
	GlobalSection(SolutionProperties) = preSolution
		HideSolutionNode = FALSE
	EndGlobalSection
	GlobalSection(ExtensibilityGlobals) = postSolution
		SolutionGuid = {6AEB509E-AA29-45B3-8178-A8AE694F98A6}
	EndGlobalSection
EndGlobal
