
Microsoft Visual Studio Solution File, Format Version 12.00
# Visual Studio 15
VisualStudioVersion = 15.0.27130.2036
MinimumVisualStudioVersion = 10.0.40219.1
Project("{2150E333-8FDC-42A3-9474-1A3956D46DE8}") = "Css", "Css", "{EA84A1C5-E2B4-43CF-921D-30A7457F088F}"
	ProjectSection(SolutionItems) = preProject
		CssSimple.html = CssSimple.html
		StyleSheet.css = StyleSheet.css
	EndProjectSection
EndProject
Project("{2150E333-8FDC-42A3-9474-1A3956D46DE8}") = "DHTML_CSS", "DHTML_CSS", "{49A91766-4A07-41DA-A9E3-EA9C36C335D2}"
	ProjectSection(SolutionItems) = preProject
		Position.html = Position.html
		zIndex.html = zIndex.html
	EndProjectSection
EndProject
Project("{2150E333-8FDC-42A3-9474-1A3956D46DE8}") = "DHTML", "DHTML", "{5B6636A2-B441-4F30-9CF3-68D84624E929}"
	ProjectSection(SolutionItems) = preProject
		CSSChangeColor.html = CSSChangeColor.html
		CssClass.html = CssClass.html
		ToolTip.html = ToolTip.html
	EndProjectSection
EndProject
Project("{2150E333-8FDC-42A3-9474-1A3956D46DE8}") = "Animation", "Animation", "{B36FE551-12B9-4C8D-A8A9-568A2119DBA4}"
	ProjectSection(SolutionItems) = preProject
		ColorAnimation.html = ColorAnimation.html
	EndProjectSection
EndProject
Global
	GlobalSection(SolutionProperties) = preSolution
		HideSolutionNode = FALSE
	EndGlobalSection
	GlobalSection(NestedProjects) = preSolution
		{B36FE551-12B9-4C8D-A8A9-568A2119DBA4} = {5B6636A2-B441-4F30-9CF3-68D84624E929}
	EndGlobalSection
	GlobalSection(ExtensibilityGlobals) = postSolution
		SolutionGuid = {8C4EE2C0-CDAD-454C-8064-FDFF288F5AF0}
	EndGlobalSection
EndGlobal
